
Microsoft Visual Studio Solution File, Format Version 12.00
# Visual Studio Version 17
VisualStudioVersion = 17.8.34309.116
MinimumVisualStudioVersion = 10.0.40219.1
Project("{FAE04EC0-301F-11D3-BF4B-00C04F79EFBC}") = "WebAPI-Fluent_Validation", "WebAPI-Fluent_Validation\WebAPI-Fluent_Validation.csproj", "{1B615444-20B0-41AC-99A7-C97E4B27C6D5}"
EndProject
Global
	GlobalSection(SolutionConfigurationPlatforms) = preSolution
		Debug|Any CPU = Debug|Any CPU
		Release|Any CPU = Release|Any CPU
	EndGlobalSection
	GlobalSection(ProjectConfigurationPlatforms) = postSolution
		{1B615444-20B0-41AC-99A7-C97E4B27C6D5}.Debug|Any CPU.ActiveCfg = Debug|Any CPU
		{1B615444-20B0-41AC-99A7-C97E4B27C6D5}.Debug|Any CPU.Build.0 = Debug|Any CPU
		{1B615444-20B0-41AC-99A7-C97E4B27C6D5}.Release|Any CPU.ActiveCfg = Release|Any CPU
		{1B615444-20B0-41AC-99A7-C97E4B27C6D5}.Release|Any CPU.Build.0 = Release|Any CPU
	EndGlobalSection
	GlobalSection(SolutionProperties) = preSolution
		HideSolutionNode = FALSE
	EndGlobalSection
	GlobalSection(ExtensibilityGlobals) = postSolution
		SolutionGuid = {998F52F3-B376-443D-8918-A3B227574A73}
	EndGlobalSection
EndGlobal
